
Microsoft Visual Studio Solution File, Format Version 12.00
# Visual Studio Version 16
VisualStudioVersion = 25.0.1706.0
MinimumVisualStudioVersion = 10.0.40219.1
Project("{FAE04EC0-301F-11D3-BF4B-00C04F79EFBC}") = "Bootcamp2023", "Bootcamp2023\Bootcamp2023.csproj", "{6725A32B-868C-4476-910B-168E39C704EE}"
EndProject
Global
	GlobalSection(SolutionConfigurationPlatforms) = preSolution
		Debug|Any CPU = Debug|Any CPU
		Release|Any CPU = Release|Any CPU
	EndGlobalSection
	GlobalSection(ProjectConfigurationPlatforms) = postSolution
		{6725A32B-868C-4476-910B-168E39C704EE}.Debug|Any CPU.ActiveCfg = Debug|Any CPU
		{6725A32B-868C-4476-910B-168E39C704EE}.Debug|Any CPU.Build.0 = Debug|Any CPU
		{6725A32B-868C-4476-910B-168E39C704EE}.Release|Any CPU.ActiveCfg = Release|Any CPU
		{6725A32B-868C-4476-910B-168E39C704EE}.Release|Any CPU.Build.0 = Release|Any CPU
	EndGlobalSection
	GlobalSection(SolutionProperties) = preSolution
		HideSolutionNode = FALSE
	EndGlobalSection
	GlobalSection(ExtensibilityGlobals) = postSolution
		SolutionGuid = {39FC26BB-63AB-4C2B-B160-368E3F97F205}
	EndGlobalSection
EndGlobal
